Microsoft Visual Studio Solution File, Format Version 12.00
# Visual Studio 15
VisualStudioVersion = 15.0.27703.2026
MinimumVisualStudioVersion = 10.0.40219.1
Project("{FAE04EC0-301F-11D3-BF4B-00C04F79EFBC}") = "HelixViewport3DTest", "HelixViewport3DTest\HelixViewport3DTest.csproj", "{0093D812-BAD7-45F0-A313-ED9343DF2652}"
EndProject
Project("{8BC9CEB8-8B4A-11D0-8D11-00A0C91BC942}") = "DirectXOperations", "DirectXOperations\DirectXOperations.vcxproj", "{D4BA22BD-7CBD-4F40-ABDC-F4F115083284}"
EndProject
Project("{FAE04EC0-301F-11D3-BF4B-00C04F79EFBC}") = "MatrixMathTime", "MatrixMathTime\MatrixMathTime.csproj", "{5F762D32-08D3-4752-9926-B5EB4518DDCE}"
EndProject
Global
	GlobalSection(SolutionConfigurationPlatforms) = preSolution
		Debug|x64 = Debug|x64
		Debug|x86 = Debug|x86
		Release|x64 = Release|x64
		Release|x86 = Release|x86
	EndGlobalSection
	GlobalSection(ProjectConfigurationPlatforms) = postSolution
		{0093D812-BAD7-45F0-A313-ED9343DF2652}.Debug|x64.ActiveCfg = Debug|x64
		{0093D812-BAD7-45F0-A313-ED9343DF2652}.Debug|x64.Build.0 = Debug|x64
		{0093D812-BAD7-45F0-A313-ED9343DF2652}.Debug|x86.ActiveCfg = Debug|x86
		{0093D812-BAD7-45F0-A313-ED9343DF2652}.Debug|x86.Build.0 = Debug|x86
		{0093D812-BAD7-45F0-A313-ED9343DF2652}.Release|x64.ActiveCfg = Release|x64
		{0093D812-BAD7-45F0-A313-ED9343DF2652}.Release|x64.Build.0 = Release|x64
		{0093D812-BAD7-45F0-A313-ED9343DF2652}.Release|x86.ActiveCfg = Release|x86
		{0093D812-BAD7-45F0-A313-ED9343DF2652}.Release|x86.Build.0 = Release|x86
		{D4BA22BD-7CBD-4F40-ABDC-F4F115083284}.Debug|x64.ActiveCfg = Debug|x64
		{D4BA22BD-7CBD-4F40-ABDC-F4F115083284}.Debug|x64.Build.0 = Debug|x64
		{D4BA22BD-7CBD-4F40-ABDC-F4F115083284}.Debug|x86.ActiveCfg = Debug|Win32
		{D4BA22BD-7CBD-4F40-ABDC-F4F115083284}.Debug|x86.Build.0 = Debug|Win32
		{D4BA22BD-7CBD-4F40-ABDC-F4F115083284}.Release|x64.ActiveCfg = Release|x64
		{D4BA22BD-7CBD-4F40-ABDC-F4F115083284}.Release|x64.Build.0 = Release|x64
		{D4BA22BD-7CBD-4F40-ABDC-F4F115083284}.Release|x86.ActiveCfg = Release|Win32
		{D4BA22BD-7CBD-4F40-ABDC-F4F115083284}.Release|x86.Build.0 = Release|Win32
		{5F762D32-08D3-4752-9926-B5EB4518DDCE}.Debug|x64.ActiveCfg = Debug|x64
		{5F762D32-08D3-4752-9926-B5EB4518DDCE}.Debug|x64.Build.0 = Debug|x64
		{5F762D32-08D3-4752-9926-B5EB4518DDCE}.Debug|x86.ActiveCfg = Debug|x86
		{5F762D32-08D3-4752-9926-B5EB4518DDCE}.Debug|x86.Build.0 = Debug|x86
		{5F762D32-08D3-4752-9926-B5EB4518DDCE}.Release|x64.ActiveCfg = Release|x64
		{5F762D32-08D3-4752-9926-B5EB4518DDCE}.Release|x64.Build.0 = Release|x64
		{5F762D32-08D3-4752-9926-B5EB4518DDCE}.Release|x86.ActiveCfg = Release|x86
		{5F762D32-08D3-4752-9926-B5EB4518DDCE}.Release|x86.Build.0 = Release|x86
	EndGlobalSection
	GlobalSection(SolutionProperties) = preSolution
		HideSolutionNode = FALSE
	EndGlobalSection
	GlobalSection(ExtensibilityGlobals) = postSolution
		SolutionGuid = {A67243FD-5202-47DC-AB21-F335EDD0B6FC}
	EndGlobalSection
EndGlobal
